
Microsoft Visual Studio Solution File, Format Version 12.00
# Visual Studio Version 17
VisualStudioVersion = 17.8.34309.116
MinimumVisualStudioVersion = 10.0.40219.1
Project("{9A19103F-16F7-4668-BE54-9A1E7A4F7556}") = "Bondr.Server", "Bondr\Server\Bondr.Server.csproj", "{82C05C76-A83E-4952-9A29-EC3AABBF759E}"
EndProject
Project("{9A19103F-16F7-4668-BE54-9A1E7A4F7556}") = "Bondr.Client", "Bondr\Client\Bondr.Client.csproj", "{BB761071-8E41-41DE-B532-6866DF139C4C}"
EndProject
Project("{9A19103F-16F7-4668-BE54-9A1E7A4F7556}") = "Bondr.Shared", "Bondr\Shared\Bondr.Shared.csproj", "{7E7535B0-3AC5-4252-9B3C-D8DE4833F779}"
EndProject
Global
	GlobalSection(SolutionConfigurationPlatforms) = preSolution
		Debug|Any CPU = Debug|Any CPU
		Release|Any CPU = Release|Any CPU
	EndGlobalSection
	GlobalSection(ProjectConfigurationPlatforms) = postSolution
		{82C05C76-A83E-4952-9A29-EC3AABBF759E}.Debug|Any CPU.ActiveCfg = Debug|Any CPU
		{82C05C76-A83E-4952-9A29-EC3AABBF759E}.Debug|Any CPU.Build.0 = Debug|Any CPU
		{82C05C76-A83E-4952-9A29-EC3AABBF759E}.Release|Any CPU.ActiveCfg = Release|Any CPU
		{82C05C76-A83E-4952-9A29-EC3AABBF759E}.Release|Any CPU.Build.0 = Release|Any CPU
		{BB761071-8E41-41DE-B532-6866DF139C4C}.Debug|Any CPU.ActiveCfg = Debug|Any CPU
		{BB761071-8E41-41DE-B532-6866DF139C4C}.Debug|Any CPU.Build.0 = Debug|Any CPU
		{BB761071-8E41-41DE-B532-6866DF139C4C}.Release|Any CPU.ActiveCfg = Release|Any CPU
		{BB761071-8E41-41DE-B532-6866DF139C4C}.Release|Any CPU.Build.0 = Release|Any CPU
		{7E7535B0-3AC5-4252-9B3C-D8DE4833F779}.Debug|Any CPU.ActiveCfg = Debug|Any CPU
		{7E7535B0-3AC5-4252-9B3C-D8DE4833F779}.Debug|Any CPU.Build.0 = Debug|Any CPU
		{7E7535B0-3AC5-4252-9B3C-D8DE4833F779}.Release|Any CPU.ActiveCfg = Release|Any CPU
		{7E7535B0-3AC5-4252-9B3C-D8DE4833F779}.Release|Any CPU.Build.0 = Release|Any CPU
	EndGlobalSection
	GlobalSection(SolutionProperties) = preSolution
		HideSolutionNode = FALSE
	EndGlobalSection
	GlobalSection(ExtensibilityGlobals) = postSolution
		SolutionGuid = {4634872D-D43C-4EC6-9EF0-A5A10F16DFD5}
	EndGlobalSection
EndGlobal
